
Microsoft Visual Studio Solution File, Format Version 12.00
# Visual Studio Version 17
VisualStudioVersion = 17.0.31919.166
MinimumVisualStudioVersion = 10.0.40219.1
Project("{FAE04EC0-301F-11D3-BF4B-00C04F79EFBC}") = "Conversor_de_Medidas_Celsius_Fahrenheit", "Conversor_de_Medidas_Celsius_Fahrenheit\Conversor_de_Medidas_Celsius_Fahrenheit.csproj", "{B98A3F01-45E7-42A4-AFE3-660362E57CCD}"
EndProject
Global
	GlobalSection(SolutionConfigurationPlatforms) = preSolution
		Debug|Any CPU = Debug|Any CPU
		Release|Any CPU = Release|Any CPU
	EndGlobalSection
	GlobalSection(ProjectConfigurationPlatforms) = postSolution
		{B98A3F01-45E7-42A4-AFE3-660362E57CCD}.Debug|Any CPU.ActiveCfg = Debug|Any CPU
		{B98A3F01-45E7-42A4-AFE3-660362E57CCD}.Debug|Any CPU.Build.0 = Debug|Any CPU
		{B98A3F01-45E7-42A4-AFE3-660362E57CCD}.Release|Any CPU.ActiveCfg = Release|Any CPU
		{B98A3F01-45E7-42A4-AFE3-660362E57CCD}.Release|Any CPU.Build.0 = Release|Any CPU
	EndGlobalSection
	GlobalSection(SolutionProperties) = preSolution
		HideSolutionNode = FALSE
	EndGlobalSection
	GlobalSection(ExtensibilityGlobals) = postSolution
		SolutionGuid = {1DD375F6-73DD-4C63-87A0-D8E90CAEE1E6}
	EndGlobalSection
EndGlobal
